
Microsoft Visual Studio Solution File, Format Version 12.00
# Visual Studio Version 17
VisualStudioVersion = 17.13.35818.85
MinimumVisualStudioVersion = 10.0.40219.1
Project("{FAE04EC0-301F-11D3-BF4B-00C04F79EFBC}") = "stock.management.API", "stock.management.API.csproj", "{56030932-B7E0-46A6-B373-579C69C114CE}"
EndProject
Project("{FAE04EC0-301F-11D3-BF4B-00C04F79EFBC}") = "stock.management.DataAccess", "..\stock.management.DataAccess\stock.management.DataAccess.csproj", "{6D095812-D6ED-4636-AE26-CE203E161C96}"
EndProject
Project("{FAE04EC0-301F-11D3-BF4B-00C04F79EFBC}") = "stock.management.BusinessAccess", "..\stock.management.BusinessAccess\stock.management.BusinessAccess.csproj", "{49F888E1-9706-4622-9ACB-5DE664C15FCC}"
EndProject
Global
	GlobalSection(SolutionConfigurationPlatforms) = preSolution
		Debug|Any CPU = Debug|Any CPU
		Release|Any CPU = Release|Any CPU
	EndGlobalSection
	GlobalSection(ProjectConfigurationPlatforms) = postSolution
		{56030932-B7E0-46A6-B373-579C69C114CE}.Debug|Any CPU.ActiveCfg = Debug|Any CPU
		{56030932-B7E0-46A6-B373-579C69C114CE}.Debug|Any CPU.Build.0 = Debug|Any CPU
		{56030932-B7E0-46A6-B373-579C69C114CE}.Release|Any CPU.ActiveCfg = Release|Any CPU
		{56030932-B7E0-46A6-B373-579C69C114CE}.Release|Any CPU.Build.0 = Release|Any CPU
		{6D095812-D6ED-4636-AE26-CE203E161C96}.Debug|Any CPU.ActiveCfg = Debug|Any CPU
		{6D095812-D6ED-4636-AE26-CE203E161C96}.Debug|Any CPU.Build.0 = Debug|Any CPU
		{6D095812-D6ED-4636-AE26-CE203E161C96}.Release|Any CPU.ActiveCfg = Release|Any CPU
		{6D095812-D6ED-4636-AE26-CE203E161C96}.Release|Any CPU.Build.0 = Release|Any CPU
		{49F888E1-9706-4622-9ACB-5DE664C15FCC}.Debug|Any CPU.ActiveCfg = Debug|Any CPU
		{49F888E1-9706-4622-9ACB-5DE664C15FCC}.Debug|Any CPU.Build.0 = Debug|Any CPU
		{49F888E1-9706-4622-9ACB-5DE664C15FCC}.Release|Any CPU.ActiveCfg = Release|Any CPU
		{49F888E1-9706-4622-9ACB-5DE664C15FCC}.Release|Any CPU.Build.0 = Release|Any CPU
	EndGlobalSection
	GlobalSection(SolutionProperties) = preSolution
		HideSolutionNode = FALSE
	EndGlobalSection
	GlobalSection(ExtensibilityGlobals) = postSolution
		SolutionGuid = {29BB1176-FAFD-44E2-90A8-D347AF498245}
	EndGlobalSection
EndGlobal
